{
  "requires": true,
  "lockfileVersion": 1,
  "dependencies": {
    "@fortawesome/fontawesome-free": {
      "version": "5.15.2",
      "resolved": "https://registry.npmjs.org/@fortawesome/fontawesome-free/-/fontawesome-free-5.15.2.tgz",
      "integrity": "sha512-7l/AX41m609L/EXI9EKH3Vs3v0iA8tKlIOGtw+kgcoanI7p+e4I4GYLqW3UXWiTnjSFymKSmTTPKYrivzbxxqA=="
    },
    "amexio-ng-extensions": {
      "version": "https://github.com/meta-magic/amexio-ios/blob/v5.21/amexio-ng-extensions.tgz?raw=true",
      "integrity": "sha512-QeObKOBuxl4nwABnlFz+5GGsGUumaxnrU/1X0jIP+LL1/ZU9ER4g7Js54bTRCKrLmdAlmmEqySVujQXIt6JxrA=="
    }
  }
}
